
Microsoft Visual Studio Solution File, Format Version 12.00
# Visual Studio Version 17
VisualStudioVersion = 17.3.32811.315
MinimumVisualStudioVersion = 10.0.40219.1
Project("{FAE04EC0-301F-11D3-BF4B-00C04F79EFBC}") = "offer algorithm", "offer algorithm\offer algorithm.csproj", "{037443C1-67AB-465F-B9AF-ABF56BBC5257}"
EndProject
Global
	GlobalSection(SolutionConfigurationPlatforms) = preSolution
		Debug|Any CPU = Debug|Any CPU
		Release|Any CPU = Release|Any CPU
	EndGlobalSection
	GlobalSection(ProjectConfigurationPlatforms) = postSolution
		{037443C1-67AB-465F-B9AF-ABF56BBC5257}.Debug|Any CPU.ActiveCfg = Debug|Any CPU
		{037443C1-67AB-465F-B9AF-ABF56BBC5257}.Debug|Any CPU.Build.0 = Debug|Any CPU
		{037443C1-67AB-465F-B9AF-ABF56BBC5257}.Release|Any CPU.ActiveCfg = Release|Any CPU
		{037443C1-67AB-465F-B9AF-ABF56BBC5257}.Release|Any CPU.Build.0 = Release|Any CPU
	EndGlobalSection
	GlobalSection(SolutionProperties) = preSolution
		HideSolutionNode = FALSE
	EndGlobalSection
	GlobalSection(ExtensibilityGlobals) = postSolution
		SolutionGuid = {B342FA7B-93B9-4E43-B6AA-CF197805A1A8}
	EndGlobalSection
EndGlobal
